
Microsoft Visual Studio Solution File, Format Version 12.00
# Visual Studio 15
VisualStudioVersion = 15.0.28010.2036
MinimumVisualStudioVersion = 10.0.40219.1
Project("{FAE04EC0-301F-11D3-BF4B-00C04F79EFBC}") = "Lab1_Montenegro_1229918", "Lab1_Montenegro_1229918\Lab1_Montenegro_1229918.csproj", "{C0365A02-0882-495E-86B3-79AB6CB31FE4}"
EndProject
Global
	GlobalSection(SolutionConfigurationPlatforms) = preSolution
		Debug|Any CPU = Debug|Any CPU
		Release|Any CPU = Release|Any CPU
	EndGlobalSection
	GlobalSection(ProjectConfigurationPlatforms) = postSolution
		{C0365A02-0882-495E-86B3-79AB6CB31FE4}.Debug|Any CPU.ActiveCfg = Debug|Any CPU
		{C0365A02-0882-495E-86B3-79AB6CB31FE4}.Debug|Any CPU.Build.0 = Debug|Any CPU
		{C0365A02-0882-495E-86B3-79AB6CB31FE4}.Release|Any CPU.ActiveCfg = Release|Any CPU
		{C0365A02-0882-495E-86B3-79AB6CB31FE4}.Release|Any CPU.Build.0 = Release|Any CPU
	EndGlobalSection
	GlobalSection(SolutionProperties) = preSolution
		HideSolutionNode = FALSE
	EndGlobalSection
	GlobalSection(ExtensibilityGlobals) = postSolution
		SolutionGuid = {0E6879FC-BC5D-4C1D-AB3C-F7A843847914}
	EndGlobalSection
EndGlobal
